{
    "name": "update_pb",
    "version": "1.0.0",
    "lockfileVersion": 3,
    "requires": true,
    "packages": {
        "": {
            "name": "update_pb",
            "version": "1.0.0",
            "dependencies": {
                "dotenv": "^16.4.7",
                "pocketbase": "^0.25.1"
            }
        },
        "node_modules/dotenv": {
            "version": "16.4.7",
            "resolved": "https://registry.npmjs.org/dotenv/-/dotenv-16.4.7.tgz",
            "integrity": "sha512-47qPchRCykZC03FhkYAhrvwU4xDBFIj1QPqaarj6mdM/hgUzfPHcpkHJOn3mJAufFeeAxAzeGsr5X0M4k6fLZQ==",
            "license": "BSD-2-Clause",
            "engines": {
                "node": ">=12"
            },
            "funding": {
                "url": "https://dotenvx.com"
            }
        },
        "node_modules/pocketbase": {
            "version": "0.25.1",
            "resolved": "https://registry.npmjs.org/pocketbase/-/pocketbase-0.25.1.tgz",
            "integrity": "sha512-2IH0KLI/qMNR/E17C7BGWX2FxW7Tead+igLHOWZ45P56v/NyVT18Jnmddeft+3qWWGL1Hog2F8bc4orWV/+Fcg==",
            "license": "MIT"
        }
    }
}
